<?xml version="1.0" encoding="utf-8"?>
<Project ToolsVersion="4.0" xmlns="http://schemas.microsoft.com/developer/msbuild/2003">
  <ItemGroup>
    <Filter Include="源文件">
      <UniqueIdentifier>{4FC737F1-C7A5-4376-A066-2A32D752A2FF}</UniqueIdentifier>
      <Extensions>cpp;c;cc;cxx;c++;cppm;ixx;def;odl;idl;hpj;bat;asm;asmx</Extensions>
    </Filter>
    <Filter Include="头文件">
      <UniqueIdentifier>{93995380-89BD-4b04-88EB-625FBE52EBFB}</UniqueIdentifier>
      <Extensions>h;hh;hpp;hxx;h++;hm;inl;inc;ipp;xsd</Extensions>
    </Filter>
    <Filter Include="资源文件">
      <UniqueIdentifier>{67DA6AB6-F800-4c08-8B7A-83BB121AAD01}</UniqueIdentifier>
      <Extensions>rc;ico;cur;bmp;dlg;rc2;rct;bin;rgs;gif;jpg;jpeg;jpe;resx;tiff;tif;png;wav;mfcribbon-ms</Extensions>
    </Filter>
  </ItemGroup>
  <ItemGroup>
    <ClCompile Include="L1-011 A-B（20）.cpp">
      <Filter>源文件</Filter>
    </ClCompile>
    <ClCompile Include="test.cpp">
      <Filter>源文件</Filter>
    </ClCompile>
    <ClCompile Include="L1-020 帅到没朋友.cpp">
      <Filter>源文件</Filter>
    </ClCompile>
    <ClCompile Include="L1-023 输出GPLT.cpp">
      <Filter>源文件</Filter>
    </ClCompile>
    <ClCompile Include="字符串大小写转换.cpp">
      <Filter>源文件</Filter>
    </ClCompile>
    <ClCompile Include="L1-027 出租.cpp">
      <Filter>源文件</Filter>
    </ClCompile>
    <ClCompile Include="L1-032 Left-pad.cpp">
      <Filter>源文件</Filter>
    </ClCompile>
    <ClCompile Include="L1-034 点赞.cpp">
      <Filter>源文件</Filter>
    </ClCompile>
    <ClCompile Include="L1-039 古风排版.cpp">
      <Filter>源文件</Filter>
    </ClCompile>
    <ClCompile Include="L1-046 整除光棍.cpp">
      <Filter>源文件</Filter>
    </ClCompile>
    <ClCompile Include="L1-049 天梯赛座位分配.cpp">
      <Filter>源文件</Filter>
    </ClCompile>
    <ClCompile Include="L1-056 猜数字.cpp">
      <Filter>源文件</Filter>
    </ClCompile>
    <ClCompile Include="L1-064 估值一亿的AI核心代码.cpp">
      <Filter>源文件</Filter>
    </ClCompile>
    <ClCompile Include="L1-059 敲笨钟.cpp">
      <Filter>源文件</Filter>
    </ClCompile>
    <ClCompile Include="L1-085 试试手气.cpp">
      <Filter>源文件</Filter>
    </ClCompile>
    <ClCompile Include="L1-086 斯德哥尔摩火车上的题.cpp">
      <Filter>源文件</Filter>
    </ClCompile>
    <ClCompile Include="杨辉三角形【第十二届】【省赛】【B组】.cpp">
      <Filter>源文件</Filter>
    </ClCompile>
    <ClCompile Include="试题 算法训练 礼物.cpp">
      <Filter>源文件</Filter>
    </ClCompile>
    <ClCompile Include="试题 基础练习 回文数.cpp">
      <Filter>源文件</Filter>
    </ClCompile>
    <ClCompile Include="源.cpp">
      <Filter>源文件</Filter>
    </ClCompile>
    <ClCompile Include="单词分析.cpp">
      <Filter>源文件</Filter>
    </ClCompile>
    <ClCompile Include="成绩统计.cpp">
      <Filter>源文件</Filter>
    </ClCompile>
    <ClCompile Include="回文日期.cpp">
      <Filter>源文件</Filter>
    </ClCompile>
    <ClCompile Include="子串分值.cpp">
      <Filter>源文件</Filter>
    </ClCompile>
    <ClCompile Include="作物杂交.cpp">
      <Filter>源文件</Filter>
    </ClCompile>
    <ClCompile Include="超级质数.cpp">
      <Filter>源文件</Filter>
    </ClCompile>
    <ClCompile Include="门牌制作.cpp">
      <Filter>源文件</Filter>
    </ClCompile>
    <ClCompile Include="数字三角形.cpp">
      <Filter>源文件</Filter>
    </ClCompile>
    <ClCompile Include="卡片.cpp">
      <Filter>源文件</Filter>
    </ClCompile>
    <ClCompile Include="成绩分析.cpp">
      <Filter>源文件</Filter>
    </ClCompile>
  </ItemGroup>
</Project>